
Microsoft Visual Studio Solution File, Format Version 12.00
# Visual Studio 15
VisualStudioVersion = 15.0.28010.2046
MinimumVisualStudioVersion = 10.0.40219.1
Project("{FAE04EC0-301F-11D3-BF4B-00C04F79EFBC}") = "Server", "server\Server.csproj", "{F598C00E-6AEB-4478-99B3-E821D1596579}"
EndProject
Project("{FAE04EC0-301F-11D3-BF4B-00C04F79EFBC}") = "Client", "client\Client.csproj", "{05DE06AE-BF4A-461D-A9CE-40DDE24E5A1F}"
EndProject
Project("{FAE04EC0-301F-11D3-BF4B-00C04F79EFBC}") = "CommonTypes", "commontypes\CommonTypes.csproj", "{6ADE780D-1807-438D-8E75-154CADDE2BF1}"
EndProject
Global
	GlobalSection(SolutionConfigurationPlatforms) = preSolution
		Debug|Any CPU = Debug|Any CPU
		Release|Any CPU = Release|Any CPU
	EndGlobalSection
	GlobalSection(ProjectConfigurationPlatforms) = postSolution
		{F598C00E-6AEB-4478-99B3-E821D1596579}.Debug|Any CPU.ActiveCfg = Debug|Any CPU
		{F598C00E-6AEB-4478-99B3-E821D1596579}.Debug|Any CPU.Build.0 = Debug|Any CPU
		{F598C00E-6AEB-4478-99B3-E821D1596579}.Release|Any CPU.ActiveCfg = Release|Any CPU
		{F598C00E-6AEB-4478-99B3-E821D1596579}.Release|Any CPU.Build.0 = Release|Any CPU
		{05DE06AE-BF4A-461D-A9CE-40DDE24E5A1F}.Debug|Any CPU.ActiveCfg = Debug|Any CPU
		{05DE06AE-BF4A-461D-A9CE-40DDE24E5A1F}.Debug|Any CPU.Build.0 = Debug|Any CPU
		{05DE06AE-BF4A-461D-A9CE-40DDE24E5A1F}.Release|Any CPU.ActiveCfg = Release|Any CPU
		{05DE06AE-BF4A-461D-A9CE-40DDE24E5A1F}.Release|Any CPU.Build.0 = Release|Any CPU
		{6ADE780D-1807-438D-8E75-154CADDE2BF1}.Debug|Any CPU.ActiveCfg = Debug|Any CPU
		{6ADE780D-1807-438D-8E75-154CADDE2BF1}.Debug|Any CPU.Build.0 = Debug|Any CPU
		{6ADE780D-1807-438D-8E75-154CADDE2BF1}.Release|Any CPU.ActiveCfg = Release|Any CPU
		{6ADE780D-1807-438D-8E75-154CADDE2BF1}.Release|Any CPU.Build.0 = Release|Any CPU
	EndGlobalSection
	GlobalSection(SolutionProperties) = preSolution
		HideSolutionNode = FALSE
	EndGlobalSection
	GlobalSection(ExtensibilityGlobals) = postSolution
		SolutionGuid = {791014DA-F2F0-435F-96D4-7ECB1EC9E4F4}
	EndGlobalSection
EndGlobal
